
Microsoft Visual Studio Solution File, Format Version 12.00
# Visual Studio Version 16
VisualStudioVersion = 16.0.32126.315
MinimumVisualStudioVersion = 10.0.40219.1
Project("{FAE04EC0-301F-11D3-BF4B-00C04F79EFBC}") = "DotNotProject-1", "DotNotProject-1\DotNotProject-1.csproj", "{2FE78172-36D1-43DE-A82D-7B5B259D787C}"
EndProject
Global
	GlobalSection(SolutionConfigurationPlatforms) = preSolution
		Debug|Any CPU = Debug|Any CPU
		Release|Any CPU = Release|Any CPU
	EndGlobalSection
	GlobalSection(ProjectConfigurationPlatforms) = postSolution
		{2FE78172-36D1-43DE-A82D-7B5B259D787C}.Debug|Any CPU.ActiveCfg = Debug|Any CPU
		{2FE78172-36D1-43DE-A82D-7B5B259D787C}.Debug|Any CPU.Build.0 = Debug|Any CPU
		{2FE78172-36D1-43DE-A82D-7B5B259D787C}.Release|Any CPU.ActiveCfg = Release|Any CPU
		{2FE78172-36D1-43DE-A82D-7B5B259D787C}.Release|Any CPU.Build.0 = Release|Any CPU
	EndGlobalSection
	GlobalSection(SolutionProperties) = preSolution
		HideSolutionNode = FALSE
	EndGlobalSection
	GlobalSection(ExtensibilityGlobals) = postSolution
		SolutionGuid = {4C59DF36-7B87-4D5F-A684-B123F032602F}
	EndGlobalSection
EndGlobal
